// !$*UTF8*$!
{
	archiveVersion = 1;
	classes = {
	};
	objectVersion = 77;
	objects = {

/* Begin PBXBuildFile section */
		A52968F82E8D4769004F65BE /* Supabase in Frameworks */ = {isa = PBXBuildFile; productRef = A52968F72E8D4769004F65BE /* Supabase */; };
		A5BLUR0032E9F0003004F65BE /* ProgressiveBlurHeader in Frameworks */ = {isa = PBXBuildFile; productRef = A5BLUR0022E9F0002004F65BE /* ProgressiveBlurHeader */; };
/* End PBXBuildFile section */

/* Begin PBXContainerItemProxy section */
		A52968752E8CCF13004F65BE /* PBXContainerItemProxy */ = {
			isa = PBXContainerItemProxy;
			containerPortal = A529685C2E8CCF12004F65BE /* Project object */;
			proxyType = 1;
			remoteGlobalIDString = A52968632E8CCF12004F65BE;
			remoteInfo = MeetMemento;
		};
		A529687F2E8CCF14004F65BE /* PBXContainerItemProxy */ = {
			isa = PBXContainerItemProxy;
			containerPortal = A529685C2E8CCF12004F65BE /* Project object */;
			proxyType = 1;
			remoteGlobalIDString = A52968632E8CCF12004F65BE;
			remoteInfo = MeetMemento;
		};
/* End PBXContainerItemProxy section */

/* Begin PBXFileReference section */
		A52968642E8CCF12004F65BE /* MeetMemento.app */ = {isa = PBXFileReference; explicitFileType = wrapper.application; includeInIndex = 0; path = MeetMemento.app; sourceTree = BUILT_PRODUCTS_DIR; };
		A52968742E8CCF13004F65BE /* MeetMementoTests.xctest */ = {isa = PBXFileReference; explicitFileType = wrapper.cfbundle; includeInIndex = 0; path = MeetMementoTests.xctest; sourceTree = BUILT_PRODUCTS_DIR; };
		A529687E2E8CCF14004F65BE /* MeetMementoUITests.xctest */ = {isa = PBXFileReference; explicitFileType = wrapper.cfbundle; includeInIndex = 0; path = MeetMementoUITests.xctest; sourceTree = BUILT_PRODUCTS_DIR; };
		A5296C8F2E8D9B15004F65BE /* AuthenticationServices.framework */ = {isa = PBXFileReference; lastKnownFileType = wrapper.framework; name = AuthenticationServices.framework; path = System/Library/Frameworks/AuthenticationServices.framework; sourceTree = SDKROOT; };
		B7F000012F00110000A00001 /* Debug.xcconfig */ = {isa = PBXFileReference; lastKnownFileType = text.xcconfig; path = MeetMemento/Config/Debug.xcconfig; sourceTree = "<group>"; };
		B7F000022F00110000A00001 /* Release.xcconfig */ = {isa = PBXFileReference; lastKnownFileType = text.xcconfig; path = MeetMemento/Config/Release.xcconfig; sourceTree = "<group>"; };
		B7F000032F00110000A00001 /* Debug.local.xcconfig.template */ = {isa = PBXFileReference; lastKnownFileType = text.xcconfig; path = MeetMemento/Config/Debug.local.xcconfig.template; sourceTree = "<group>"; };
		B7F000042F00110000A00001 /* Release.local.xcconfig.template */ = {isa = PBXFileReference; lastKnownFileType = text.xcconfig; path = MeetMemento/Config/Release.local.xcconfig.template; sourceTree = "<group>"; };
/* End PBXFileReference section */

/* Begin PBXFileSystemSynchronizedBuildFileExceptionSet section */
		A55633722E8F75090007E35E /* Exceptions for "MeetMemento" folder in "MeetMemento" target */ = {
			isa = PBXFileSystemSynchronizedBuildFileExceptionSet;
			membershipExceptions = (
				"Components/Buttons/Google/Google-Icon.svg",
				"Components/Cards/MonthlyInsightCard+Usage.md",
				Info.plist,
				PLAN.md,
				"Preview Content/PreviewMocks.json",
				Resources/Fonts/README.md,
				Resources/SupabaseConfig.swift.template,
				Utilities/COMPONENT_TEMPLATE.md,
				Utilities/UTILITIES_GUIDE.md,
				Views/Monetization/Configuration.storekit,
			);
			target = A52968632E8CCF12004F65BE /* MeetMemento */;
		};
/* End PBXFileSystemSynchronizedBuildFileExceptionSet section */

/* Begin PBXFileSystemSynchronizedRootGroup section */
		A52968662E8CCF12004F65BE /* MeetMemento */ = {
			isa = PBXFileSystemSynchronizedRootGroup;
			exceptions = (
				A55633722E8F75090007E35E /* Exceptions for "MeetMemento" folder in "MeetMemento" target */,
			);
			path = MeetMemento;
			sourceTree = "<group>";
		};
		A52968772E8CCF14004F65BE /* MeetMementoTests */ = {
			isa = PBXFileSystemSynchronizedRootGroup;
			exceptions = (
			);
			path = MeetMementoTests;
			sourceTree = "<group>";
		};
		A52968812E8CCF14004F65BE /* MeetMementoUITests */ = {
			isa = PBXFileSystemSynchronizedRootGroup;
			exceptions = (
			);
			path = MeetMementoUITests;
			sourceTree = "<group>";
		};
/* End PBXFileSystemSynchronizedRootGroup section */

/* Begin PBXFrameworksBuildPhase section */
		A52968612E8CCF12004F65BE /* Frameworks */ = {
			isa = PBXFrameworksBuildPhase;
			buildActionMask = 2147483647;
			files = (
				A52968F82E8D4769004F65BE /* Supabase in Frameworks */,
				A5BLUR0032E9F0003004F65BE /* ProgressiveBlurHeader in Frameworks */,
			);
			runOnlyForDeploymentPostprocessing = 0;
		};
		A52968712E8CCF13004F65BE /* Frameworks */ = {
			isa = PBXFrameworksBuildPhase;
			buildActionMask = 2147483647;
			files = (
			);
			runOnlyForDeploymentPostprocessing = 0;
		};
		A529687B2E8CCF14004F65BE /* Frameworks */ = {
			isa = PBXFrameworksBuildPhase;
			buildActionMask = 2147483647;
			files = (
			);
			runOnlyForDeploymentPostprocessing = 0;
		};
/* End PBXFrameworksBuildPhase section */

/* Begin PBXGroup section */
		A529685B2E8CCF12004F65BE = {
			isa = PBXGroup;
			children = (
				B7F000052F00110000A00001 /* Config */,
				A52968662E8CCF12004F65BE /* MeetMemento */,
				A52968772E8CCF14004F65BE /* MeetMementoTests */,
				A52968812E8CCF14004F65BE /* MeetMementoUITests */,
				A5296C8E2E8D9B15004F65BE /* Frameworks */,
				A52968652E8CCF12004F65BE /* Products */,
			);
			sourceTree = "<group>";
		};
		A52968652E8CCF12004F65BE /* Products */ = {
			isa = PBXGroup;
			children = (
				A52968642E8CCF12004F65BE /* MeetMemento.app */,
				A52968742E8CCF13004F65BE /* MeetMementoTests.xctest */,
				A529687E2E8CCF14004F65BE /* MeetMementoUITests.xctest */,
			);
			name = Products;
			sourceTree = "<group>";
		};
		A5296C8E2E8D9B15004F65BE /* Frameworks */ = {
			isa = PBXGroup;
			children = (
				A5296C8F2E8D9B15004F65BE /* AuthenticationServices.framework */,
			);
			name = Frameworks;
			sourceTree = "<group>";
		};
		B7F000052F00110000A00001 /* Config */ = {
			isa = PBXGroup;
			children = (
				B7F000012F00110000A00001 /* Debug.xcconfig */,
				B7F000022F00110000A00001 /* Release.xcconfig */,
				B7F000032F00110000A00001 /* Debug.local.xcconfig.template */,
				B7F000042F00110000A00001 /* Release.local.xcconfig.template */,
			);
			name = Config;
			sourceTree = "<group>";
		};
/* End PBXGroup section */

/* Begin PBXNativeTarget section */
		A52968632E8CCF12004F65BE /* MeetMemento */ = {
			isa = PBXNativeTarget;
			buildConfigurationList = A52968882E8CCF14004F65BE /* Build configuration list for PBXNativeTarget "MeetMemento" */;
			buildPhases = (
				54204DD48CF8F2F920283E07 /* Assert Release endpoint (spec-006) */,
				A52968602E8CCF12004F65BE /* Sources */,
				A52968612E8CCF12004F65BE /* Frameworks */,
				A52968622E8CCF12004F65BE /* Resources */,
			);
			buildRules = (
			);
			dependencies = (
			);
			fileSystemSynchronizedGroups = (
				A52968662E8CCF12004F65BE /* MeetMemento */,
			);
			name = MeetMemento;
			packageProductDependencies = (
				A52968F72E8D4769004F65BE /* Supabase */,
				A5BLUR0022E9F0002004F65BE /* ProgressiveBlurHeader */,
			);
			productName = MeetMemento;
			productReference = A52968642E8CCF12004F65BE /* MeetMemento.app */;
			productType = "com.apple.product-type.application";
		};
		A52968732E8CCF13004F65BE /* MeetMementoTests */ = {
			isa = PBXNativeTarget;
			buildConfigurationList = A529688B2E8CCF14004F65BE /* Build configuration list for PBXNativeTarget "MeetMementoTests" */;
			buildPhases = (
				A52968702E8CCF13004F65BE /* Sources */,
				A52968712E8CCF13004F65BE /* Frameworks */,
				A52968722E8CCF13004F65BE /* Resources */,
			);
			buildRules = (
			);
			dependencies = (
				A52968762E8CCF13004F65BE /* PBXTargetDependency */,
			);
			fileSystemSynchronizedGroups = (
				A52968772E8CCF14004F65BE /* MeetMementoTests */,
			);
			name = MeetMementoTests;
			productName = MeetMementoTests;
			productReference = A52968742E8CCF13004F65BE /* MeetMementoTests.xctest */;
			productType = "com.apple.product-type.bundle.unit-test";
		};
		A529687D2E8CCF14004F65BE /* MeetMementoUITests */ = {
			isa = PBXNativeTarget;
			buildConfigurationList = A529688E2E8CCF14004F65BE /* Build configuration list for PBXNativeTarget "MeetMementoUITests" */;
			buildPhases = (
				A529687A2E8CCF14004F65BE /* Sources */,
				A529687B2E8CCF14004F65BE /* Frameworks */,
				A529687C2E8CCF14004F65BE /* Resources */,
			);
			buildRules = (
			);
			dependencies = (
				A52968802E8CCF14004F65BE /* PBXTargetDependency */,
			);
			fileSystemSynchronizedGroups = (
				A52968812E8CCF14004F65BE /* MeetMementoUITests */,
			);
			name = MeetMementoUITests;
			productName = MeetMementoUITests;
			productReference = A529687E2E8CCF14004F65BE /* MeetMementoUITests.xctest */;
			productType = "com.apple.product-type.bundle.ui-testing";
		};
/* End PBXNativeTarget section */

/* Begin PBXProject section */
		A529685C2E8CCF12004F65BE /* Project object */ = {
			isa = PBXProject;
			attributes = {
				BuildIndependentTargetsInParallel = 1;
				LastSwiftUpdateCheck = 1620;
				LastUpgradeCheck = 2600;
				TargetAttributes = {
					A52968632E8CCF12004F65BE = {
						CreatedOnToolsVersion = 16.2;
					};
					A52968732E8CCF13004F65BE = {
						CreatedOnToolsVersion = 16.2;
						TestTargetID = A52968632E8CCF12004F65BE;
					};
					A529687D2E8CCF14004F65BE = {
						CreatedOnToolsVersion = 16.2;
						TestTargetID = A52968632E8CCF12004F65BE;
					};
				};
			};
			buildConfigurationList = A529685F2E8CCF12004F65BE /* Build configuration list for PBXProject "MeetMemento" */;
			developmentRegion = en;
			hasScannedForEncodings = 0;
			knownRegions = (
				en,
				Base,
			);
			mainGroup = A529685B2E8CCF12004F65BE;
			minimizedProjectReferenceProxies = 1;
			packageReferences = (
				A52968F62E8D4768004F65BE /* XCRemoteSwiftPackageReference "supabase-swift" */,
				A5296C822E8D7B45004F65BE /* XCRemoteSwiftPackageReference "SVGKit" */,
				A5BLUR0012E9F0001004F65BE /* XCRemoteSwiftPackageReference "ProgressiveBlurHeader" */,
			);
			preferredProjectObjectVersion = 77;
			productRefGroup = A52968652E8CCF12004F65BE /* Products */;
			projectDirPath = "";
			projectRoot = "";
			targets = (
				A52968632E8CCF12004F65BE /* MeetMemento */,
				A52968732E8CCF13004F65BE /* MeetMementoTests */,
				A529687D2E8CCF14004F65BE /* MeetMementoUITests */,
			);
		};
/* End PBXProject section */

/* Begin PBXResourcesBuildPhase section */
		A52968622E8CCF12004F65BE /* Resources */ = {
			isa = PBXResourcesBuildPhase;
			buildActionMask = 2147483647;
			files = (
			);
			runOnlyForDeploymentPostprocessing = 0;
		};
		A52968722E8CCF13004F65BE /* Resources */ = {
			isa = PBXResourcesBuildPhase;
			buildActionMask = 2147483647;
			files = (
			);
			runOnlyForDeploymentPostprocessing = 0;
		};
		A529687C2E8CCF14004F65BE /* Resources */ = {
			isa = PBXResourcesBuildPhase;
			buildActionMask = 2147483647;
			files = (
			);
			runOnlyForDeploymentPostprocessing = 0;
		};
/* End PBXResourcesBuildPhase section */

/* Begin PBXShellScriptBuildPhase section */
		54204DD48CF8F2F920283E07 /* Assert Release endpoint (spec-006) */ = {
			isa = PBXShellScriptBuildPhase;
			buildActionMask = 2147483647;
			files = (
			);
			inputFileListPaths = (
			);
			inputPaths = (
			);
			name = "Assert Release endpoint (spec-006)";
			outputFileListPaths = (
			);
			outputPaths = (
			);
			runOnlyForDeploymentPostprocessing = 0;
			shellPath = /bin/sh;
			shellScript = "# spec-006 R3: fail a Release build pointed at a placeholder/non-prod Supabase URL.\n# Inlined (not an external script) to stay inside Xcode's user-script sandbox.\nif [ \"$CONFIGURATION\" != \"Release\" ]; then\n  echo \"assert_release_endpoint: skipped ($CONFIGURATION)\"\n  exit 0\nfi\nURL=$(printf '%s' \"${SUPABASE_URL:-}\" | tr -d '[:space:]')\necho \"Release SUPABASE_URL: '$URL'\"\ncase \"$URL\" in\n  \"\"|*YOUR_PROJECT_ID*|*your-project-id*|*YOUR_SUPABASE*|*placeholder*|*xxxxx*|*invalid.supabase*)\n    echo \"error: Release SUPABASE_URL is a placeholder/empty ('$URL'). Set MeetMemento/Config/Release.local.xcconfig to the production project. (spec-006)\"\n    exit 1 ;;\nesac\nif ! printf '%s' \"$URL\" | grep -Eq '^https://[a-z0-9-]+\\.supabase\\.co/?$'; then\n  echo \"error: Release SUPABASE_URL '$URL' is not a valid https://<project>.supabase.co URL. (spec-006)\"\n  exit 1\nfi\necho \"OK: Release endpoint is a real production URL.\"\n";
		};
/* End PBXShellScriptBuildPhase section */

/* Begin PBXSourcesBuildPhase section */
		A52968602E8CCF12004F65BE /* Sources */ = {
			isa = PBXSourcesBuildPhase;
			buildActionMask = 2147483647;
			files = (
			);
			runOnlyForDeploymentPostprocessing = 0;
		};
		A52968702E8CCF13004F65BE /* Sources */ = {
			isa = PBXSourcesBuildPhase;
			buildActionMask = 2147483647;
			files = (
			);
			runOnlyForDeploymentPostprocessing = 0;
		};
		A529687A2E8CCF14004F65BE /* Sources */ = {
			isa = PBXSourcesBuildPhase;
			buildActionMask = 2147483647;
			files = (
			);
			runOnlyForDeploymentPostprocessing = 0;
		};
/* End PBXSourcesBuildPhase section */

/* Begin PBXTargetDependency section */
		A52968762E8CCF13004F65BE /* PBXTargetDependency */ = {
			isa = PBXTargetDependency;
			target = A52968632E8CCF12004F65BE /* MeetMemento */;
			targetProxy = A52968752E8CCF13004F65BE /* PBXContainerItemProxy */;
		};
		A52968802E8CCF14004F65BE /* PBXTargetDependency */ = {
			isa = PBXTargetDependency;
			target = A52968632E8CCF12004F65BE /* MeetMemento */;
			targetProxy = A529687F2E8CCF14004F65BE /* PBXContainerItemProxy */;
		};
/* End PBXTargetDependency section */

/* Begin XCBuildConfiguration section */
		A52968862E8CCF14004F65BE /* Debug */ = {
			isa = XCBuildConfiguration;
			buildSettings = {
				ALWAYS_SEARCH_USER_PATHS = NO;
				ASSETCATALOG_COMPILER_GENERATE_SWIFT_ASSET_SYMBOL_EXTENSIONS = YES;
				CLANG_ANALYZER_NONNULL = YES;
				CLANG_ANALYZER_NUMBER_OBJECT_CONVERSION = YES_AGGRESSIVE;
				CLANG_CXX_LANGUAGE_STANDARD = "gnu++20";
				CLANG_ENABLE_MODULES = YES;
				CLANG_ENABLE_OBJC_ARC = YES;
				CLANG_ENABLE_OBJC_WEAK = YES;
				CLANG_WARN_BLOCK_CAPTURE_AUTORELEASING = YES;
				CLANG_WARN_BOOL_CONVERSION = YES;
				CLANG_WARN_COMMA = YES;
				CLANG_WARN_CONSTANT_CONVERSION = YES;
				CLANG_WARN_DEPRECATED_OBJC_IMPLEMENTATIONS = YES;
				CLANG_WARN_DIRECT_OBJC_ISA_USAGE = YES_ERROR;
				CLANG_WARN_DOCUMENTATION_COMMENTS = YES;
				CLANG_WARN_EMPTY_BODY = YES;
				CLANG_WARN_ENUM_CONVERSION = YES;
				CLANG_WARN_INFINITE_RECURSION = YES;
				CLANG_WARN_INT_CONVERSION = YES;
				CLANG_WARN_NON_LITERAL_NULL_CONVERSION = YES;
				CLANG_WARN_OBJC_IMPLICIT_RETAIN_SELF = YES;
				CLANG_WARN_OBJC_LITERAL_CONVERSION = YES;
				CLANG_WARN_OBJC_ROOT_CLASS = YES_ERROR;
				CLANG_WARN_QUOTED_INCLUDE_IN_FRAMEWORK_HEADER = YES;
				CLANG_WARN_RANGE_LOOP_ANALYSIS = YES;
				CLANG_WARN_STRICT_PROTOTYPES = YES;
				CLANG_WARN_SUSPICIOUS_MOVE = YES;
				CLANG_WARN_UNGUARDED_AVAILABILITY = YES_AGGRESSIVE;
				CLANG_WARN_UNREACHABLE_CODE = YES;
				CLANG_WARN__DUPLICATE_METHOD_MATCH = YES;
				COPY_PHASE_STRIP = NO;
				DEBUG_INFORMATION_FORMAT = dwarf;
				DEVELOPMENT_TEAM = F3NM4HTMW8;
				ENABLE_STRICT_OBJC_MSGSEND = YES;
				ENABLE_TESTABILITY = YES;
				ENABLE_USER_SCRIPT_SANDBOXING = YES;
				GCC_C_LANGUAGE_STANDARD = gnu17;
				GCC_DYNAMIC_NO_PIC = NO;
				GCC_NO_COMMON_BLOCKS = YES;
				GCC_OPTIMIZATION_LEVEL = 0;
				GCC_PREPROCESSOR_DEFINITIONS = (
					"DEBUG=1",
					"$(inherited)",
				);
				GCC_WARN_64_TO_32_BIT_CONVERSION = YES;
				GCC_WARN_ABOUT_RETURN_TYPE = YES_ERROR;
				GCC_WARN_UNDECLARED_SELECTOR = YES;
				GCC_WARN_UNINITIALIZED_AUTOS = YES_AGGRESSIVE;
				GCC_WARN_UNUSED_FUNCTION = YES;
				GCC_WARN_UNUSED_VARIABLE = YES;
				IPHONEOS_DEPLOYMENT_TARGET = 17.0;
				LOCALIZATION_PREFERS_STRING_CATALOGS = YES;
				MTL_ENABLE_DEBUG_INFO = INCLUDE_SOURCE;
				MTL_FAST_MATH = YES;
				ONLY_ACTIVE_ARCH = YES;
				SDKROOT = iphoneos;
				STRING_CATALOG_GENERATE_SYMBOLS = YES;
				SWIFT_ACTIVE_COMPILATION_CONDITIONS = "DEBUG $(inherited)";
				SWIFT_OPTIMIZATION_LEVEL = "-Onone";
			};
			name = Debug;
		};
		A52968872E8CCF14004F65BE /* Release */ = {
			isa = XCBuildConfiguration;
			buildSettings = {
				ALWAYS_SEARCH_USER_PATHS = NO;
				ASSETCATALOG_COMPILER_GENERATE_SWIFT_ASSET_SYMBOL_EXTENSIONS = YES;
				CLANG_ANALYZER_NONNULL = YES;
				CLANG_ANALYZER_NUMBER_OBJECT_CONVERSION = YES_AGGRESSIVE;
				CLANG_CXX_LANGUAGE_STANDARD = "gnu++20";
				CLANG_ENABLE_MODULES = YES;
				CLANG_ENABLE_OBJC_ARC = YES;
				CLANG_ENABLE_OBJC_WEAK = YES;
				CLANG_WARN_BLOCK_CAPTURE_AUTORELEASING = YES;
				CLANG_WARN_BOOL_CONVERSION = YES;
				CLANG_WARN_COMMA = YES;
				CLANG_WARN_CONSTANT_CONVERSION = YES;
				CLANG_WARN_DEPRECATED_OBJC_IMPLEMENTATIONS = YES;
				CLANG_WARN_DIRECT_OBJC_ISA_USAGE = YES_ERROR;
				CLANG_WARN_DOCUMENTATION_COMMENTS = YES;
				CLANG_WARN_EMPTY_BODY = YES;
				CLANG_WARN_ENUM_CONVERSION = YES;
				CLANG_WARN_INFINITE_RECURSION = YES;
				CLANG_WARN_INT_CONVERSION = YES;
				CLANG_WARN_NON_LITERAL_NULL_CONVERSION = YES;
				CLANG_WARN_OBJC_IMPLICIT_RETAIN_SELF = YES;
				CLANG_WARN_OBJC_LITERAL_CONVERSION = YES;
				CLANG_WARN_OBJC_ROOT_CLASS = YES_ERROR;
				CLANG_WARN_QUOTED_INCLUDE_IN_FRAMEWORK_HEADER = YES;
				CLANG_WARN_RANGE_LOOP_ANALYSIS = YES;
				CLANG_WARN_STRICT_PROTOTYPES = YES;
				CLANG_WARN_SUSPICIOUS_MOVE = YES;
				CLANG_WARN_UNGUARDED_AVAILABILITY = YES_AGGRESSIVE;
				CLANG_WARN_UNREACHABLE_CODE = YES;
				CLANG_WARN__DUPLICATE_METHOD_MATCH = YES;
				COPY_PHASE_STRIP = NO;
				DEBUG_INFORMATION_FORMAT = "dwarf-with-dsym";
				DEVELOPMENT_TEAM = F3NM4HTMW8;
				ENABLE_NS_ASSERTIONS = NO;
				ENABLE_STRICT_OBJC_MSGSEND = YES;
				ENABLE_USER_SCRIPT_SANDBOXING = YES;
				GCC_C_LANGUAGE_STANDARD = gnu17;
				GCC_NO_COMMON_BLOCKS = YES;
				GCC_WARN_64_TO_32_BIT_CONVERSION = YES;
				GCC_WARN_ABOUT_RETURN_TYPE = YES_ERROR;
				GCC_WARN_UNDECLARED_SELECTOR = YES;
				GCC_WARN_UNINITIALIZED_AUTOS = YES_AGGRESSIVE;
				GCC_WARN_UNUSED_FUNCTION = YES;
				GCC_WARN_UNUSED_VARIABLE = YES;
				IPHONEOS_DEPLOYMENT_TARGET = 17.0;
				LOCALIZATION_PREFERS_STRING_CATALOGS = YES;
				MTL_ENABLE_DEBUG_INFO = NO;
				MTL_FAST_MATH = YES;
				SDKROOT = iphoneos;
				STRING_CATALOG_GENERATE_SYMBOLS = YES;
				SWIFT_COMPILATION_MODE = wholemodule;
				VALIDATE_PRODUCT = YES;
			};
			name = Release;
		};
		A52968892E8CCF14004F65BE /* Debug */ = {
			isa = XCBuildConfiguration;
			baseConfigurationReference = B7F000012F00110000A00001 /* Debug.xcconfig */;
			buildSettings = {
				ASSETCATALOG_COMPILER_APPICON_NAME = AppIcon;
				ASSETCATALOG_COMPILER_GLOBAL_ACCENT_COLOR_NAME = AccentColor;
				ASSETCATALOG_COMPILER_INCLUDE_ALL_APPICON_ASSETS = YES;
				CODE_SIGN_ENTITLEMENTS = MeetMemento/MeetMemento.entitlements;
				CODE_SIGN_STYLE = Automatic;
				CURRENT_PROJECT_VERSION = 2;
				DEVELOPMENT_ASSET_PATHS = "\"MeetMemento/Preview Content\"";
				ENABLE_PREVIEWS = YES;
				GENERATE_INFOPLIST_FILE = YES;
				INFOPLIST_FILE = MeetMemento/Info.plist;
				INFOPLIST_KEY_CFBundleDisplayName = Memento;
				INFOPLIST_KEY_LSApplicationCategoryType = "public.app-category.lifestyle";
				INFOPLIST_KEY_UIApplicationSceneManifest_Generation = YES;
				INFOPLIST_KEY_UIApplicationSupportsIndirectInputEvents = YES;
				INFOPLIST_KEY_UILaunchStoryboardName = LaunchScreen;
				INFOPLIST_KEY_UISupportedInterfaceOrientations = UIInterfaceOrientationPortrait;
				INFOPLIST_KEY_UISupportedInterfaceOrientations_iPad = "UIInterfaceOrientationLandscapeLeft UIInterfaceOrientationLandscapeRight UIInterfaceOrientationPortrait UIInterfaceOrientationPortraitUpsideDown";
				LD_RUNPATH_SEARCH_PATHS = (
					"$(inherited)",
					"@executable_path/Frameworks",
				);
				MARKETING_VERSION = 1.0;
				PRODUCT_BUNDLE_IDENTIFIER = com.sebastianmendo.MeetMemento;
				PRODUCT_NAME = "$(TARGET_NAME)";
				SWIFT_EMIT_LOC_STRINGS = YES;
				SWIFT_VERSION = 5.0;
				TARGETED_DEVICE_FAMILY = "1,2";
			};
			name = Debug;
		};
		A529688A2E8CCF14004F65BE /* Release */ = {
			isa = XCBuildConfiguration;
			baseConfigurationReference = B7F000022F00110000A00001 /* Release.xcconfig */;
			buildSettings = {
				ASSETCATALOG_COMPILER_APPICON_NAME = AppIcon;
				ASSETCATALOG_COMPILER_GLOBAL_ACCENT_COLOR_NAME = AccentColor;
				ASSETCATALOG_COMPILER_INCLUDE_ALL_APPICON_ASSETS = YES;
				CODE_SIGN_ENTITLEMENTS = MeetMemento/MeetMemento.entitlements;
				CODE_SIGN_STYLE = Automatic;
				CURRENT_PROJECT_VERSION = 2;
				DEVELOPMENT_ASSET_PATHS = "\"MeetMemento/Preview Content\"";
				ENABLE_PREVIEWS = YES;
				GENERATE_INFOPLIST_FILE = YES;
				INFOPLIST_FILE = MeetMemento/Info.plist;
				INFOPLIST_KEY_CFBundleDisplayName = Memento;
				INFOPLIST_KEY_LSApplicationCategoryType = "public.app-category.lifestyle";
				INFOPLIST_KEY_UIApplicationSceneManifest_Generation = YES;
				INFOPLIST_KEY_UIApplicationSupportsIndirectInputEvents = YES;
				INFOPLIST_KEY_UILaunchStoryboardName = LaunchScreen;
				INFOPLIST_KEY_UISupportedInterfaceOrientations = UIInterfaceOrientationPortrait;
				INFOPLIST_KEY_UISupportedInterfaceOrientations_iPad = "UIInterfaceOrientationLandscapeLeft UIInterfaceOrientationLandscapeRight UIInterfaceOrientationPortrait UIInterfaceOrientationPortraitUpsideDown";
				LD_RUNPATH_SEARCH_PATHS = (
					"$(inherited)",
					"@executable_path/Frameworks",
				);
				MARKETING_VERSION = 1.0;
				PRODUCT_BUNDLE_IDENTIFIER = com.sebastianmendo.MeetMemento;
				PRODUCT_NAME = "$(TARGET_NAME)";
				SWIFT_EMIT_LOC_STRINGS = YES;
				SWIFT_VERSION = 5.0;
				TARGETED_DEVICE_FAMILY = "1,2";
			};
			name = Release;
		};
		A529688C2E8CCF14004F65BE /* Debug */ = {
			isa = XCBuildConfiguration;
			buildSettings = {
				BUNDLE_LOADER = "$(TEST_HOST)";
				CODE_SIGN_STYLE = Automatic;
				CURRENT_PROJECT_VERSION = 2;
				GENERATE_INFOPLIST_FILE = YES;
				IPHONEOS_DEPLOYMENT_TARGET = 17.0;
				MARKETING_VERSION = 1.0;
				PRODUCT_BUNDLE_IDENTIFIER = com.sebastianmendo.MeetMementoTests;
				PRODUCT_NAME = "$(TARGET_NAME)";
				SWIFT_EMIT_LOC_STRINGS = NO;
				SWIFT_VERSION = 5.0;
				TARGETED_DEVICE_FAMILY = "1,2";
				TEST_HOST = "$(BUILT_PRODUCTS_DIR)/MeetMemento.app/$(BUNDLE_EXECUTABLE_FOLDER_PATH)/MeetMemento";
			};
			name = Debug;
		};
		A529688D2E8CCF14004F65BE /* Release */ = {
			isa = XCBuildConfiguration;
			buildSettings = {
				BUNDLE_LOADER = "$(TEST_HOST)";
				CODE_SIGN_STYLE = Automatic;
				CURRENT_PROJECT_VERSION = 2;
				GENERATE_INFOPLIST_FILE = YES;
				IPHONEOS_DEPLOYMENT_TARGET = 17.0;
				MARKETING_VERSION = 1.0;
				PRODUCT_BUNDLE_IDENTIFIER = com.sebastianmendo.MeetMementoTests;
				PRODUCT_NAME = "$(TARGET_NAME)";
				SWIFT_EMIT_LOC_STRINGS = NO;
				SWIFT_VERSION = 5.0;
				TARGETED_DEVICE_FAMILY = "1,2";
				TEST_HOST = "$(BUILT_PRODUCTS_DIR)/MeetMemento.app/$(BUNDLE_EXECUTABLE_FOLDER_PATH)/MeetMemento";
			};
			name = Release;
		};
		A529688F2E8CCF14004F65BE /* Debug */ = {
			isa = XCBuildConfiguration;
			buildSettings = {
				CODE_SIGN_STYLE = Automatic;
				CURRENT_PROJECT_VERSION = 2;
				GENERATE_INFOPLIST_FILE = YES;
				MARKETING_VERSION = 1.0;
				PRODUCT_BUNDLE_IDENTIFIER = com.sebastianmendo.MeetMementoUITests;
				PRODUCT_NAME = "$(TARGET_NAME)";
				SWIFT_EMIT_LOC_STRINGS = NO;
				SWIFT_VERSION = 5.0;
				TARGETED_DEVICE_FAMILY = "1,2";
				TEST_TARGET_NAME = MeetMemento;
			};
			name = Debug;
		};
		A52968902E8CCF14004F65BE /* Release */ = {
			isa = XCBuildConfiguration;
			buildSettings = {
				CODE_SIGN_STYLE = Automatic;
				CURRENT_PROJECT_VERSION = 2;
				GENERATE_INFOPLIST_FILE = YES;
				MARKETING_VERSION = 1.0;
				PRODUCT_BUNDLE_IDENTIFIER = com.sebastianmendo.MeetMementoUITests;
				PRODUCT_NAME = "$(TARGET_NAME)";
				SWIFT_EMIT_LOC_STRINGS = NO;
				SWIFT_VERSION = 5.0;
				TARGETED_DEVICE_FAMILY = "1,2";
				TEST_TARGET_NAME = MeetMemento;
			};
			name = Release;
		};
/* End XCBuildConfiguration section */

/* Begin XCConfigurationList section */
		A529685F2E8CCF12004F65BE /* Build configuration list for PBXProject "MeetMemento" */ = {
			isa = XCConfigurationList;
			buildConfigurations = (
				A52968862E8CCF14004F65BE /* Debug */,
				A52968872E8CCF14004F65BE /* Release */,
			);
			defaultConfigurationIsVisible = 0;
			defaultConfigurationName = Release;
		};
		A52968882E8CCF14004F65BE /* Build configuration list for PBXNativeTarget "MeetMemento" */ = {
			isa = XCConfigurationList;
			buildConfigurations = (
				A52968892E8CCF14004F65BE /* Debug */,
				A529688A2E8CCF14004F65BE /* Release */,
			);
			defaultConfigurationIsVisible = 0;
			defaultConfigurationName = Release;
		};
		A529688B2E8CCF14004F65BE /* Build configuration list for PBXNativeTarget "MeetMementoTests" */ = {
			isa = XCConfigurationList;
			buildConfigurations = (
				A529688C2E8CCF14004F65BE /* Debug */,
				A529688D2E8CCF14004F65BE /* Release */,
			);
			defaultConfigurationIsVisible = 0;
			defaultConfigurationName = Release;
		};
		A529688E2E8CCF14004F65BE /* Build configuration list for PBXNativeTarget "MeetMementoUITests" */ = {
			isa = XCConfigurationList;
			buildConfigurations = (
				A529688F2E8CCF14004F65BE /* Debug */,
				A52968902E8CCF14004F65BE /* Release */,
			);
			defaultConfigurationIsVisible = 0;
			defaultConfigurationName = Release;
		};
/* End XCConfigurationList section */

/* Begin XCRemoteSwiftPackageReference section */
		A52968F62E8D4768004F65BE /* XCRemoteSwiftPackageReference "supabase-swift" */ = {
			isa = XCRemoteSwiftPackageReference;
			repositoryURL = "https://github.com/supabase/supabase-swift";
			requirement = {
				kind = upToNextMajorVersion;
				minimumVersion = 2.5.1;
			};
		};
		A5296C822E8D7B45004F65BE /* XCRemoteSwiftPackageReference "SVGKit" */ = {
			isa = XCRemoteSwiftPackageReference;
			repositoryURL = "https://github.com/SVGKit/SVGKit";
			requirement = {
				kind = upToNextMajorVersion;
				minimumVersion = 3.0.0;
			};
		};
		A5BLUR0012E9F0001004F65BE /* XCRemoteSwiftPackageReference "ProgressiveBlurHeader" */ = {
			isa = XCRemoteSwiftPackageReference;
			repositoryURL = "https://github.com/dominikmartn/ProgressiveBlurHeader";
			requirement = {
				branch = main;
				kind = branch;
			};
		};
/* End XCRemoteSwiftPackageReference section */

/* Begin XCSwiftPackageProductDependency section */
		A52968F72E8D4769004F65BE /* Supabase */ = {
			isa = XCSwiftPackageProductDependency;
			package = A52968F62E8D4768004F65BE /* XCRemoteSwiftPackageReference "supabase-swift" */;
			productName = Supabase;
		};
		A5BLUR0022E9F0002004F65BE /* ProgressiveBlurHeader */ = {
			isa = XCSwiftPackageProductDependency;
			package = A5BLUR0012E9F0001004F65BE /* XCRemoteSwiftPackageReference "ProgressiveBlurHeader" */;
			productName = ProgressiveBlurHeader;
		};
/* End XCSwiftPackageProductDependency section */
	};
	rootObject = A529685C2E8CCF12004F65BE /* Project object */;
}
